
Microsoft Visual Studio Solution File, Format Version 12.00
# Visual Studio Version 16
VisualStudioVersion = 16.0.31005.135
MinimumVisualStudioVersion = 10.0.40219.1
Project("{FAE04EC0-301F-11D3-BF4B-00C04F79EFBC}") = "sales-system", "sales-system\sales-system.csproj", "{D7F4CCD0-FEE0-4D20-B3B5-61F009EFD7EB}"
EndProject
Global
	GlobalSection(SolutionConfigurationPlatforms) = preSolution
		Debug|Any CPU = Debug|Any CPU
		Release|Any CPU = Release|Any CPU
	EndGlobalSection
	GlobalSection(ProjectConfigurationPlatforms) = postSolution
		{D7F4CCD0-FEE0-4D20-B3B5-61F009EFD7EB}.Debug|Any CPU.ActiveCfg = Debug|Any CPU
		{D7F4CCD0-FEE0-4D20-B3B5-61F009EFD7EB}.Debug|Any CPU.Build.0 = Debug|Any CPU
		{D7F4CCD0-FEE0-4D20-B3B5-61F009EFD7EB}.Release|Any CPU.ActiveCfg = Release|Any CPU
		{D7F4CCD0-FEE0-4D20-B3B5-61F009EFD7EB}.Release|Any CPU.Build.0 = Release|Any CPU
	EndGlobalSection
	GlobalSection(SolutionProperties) = preSolution
		HideSolutionNode = FALSE
	EndGlobalSection
	GlobalSection(ExtensibilityGlobals) = postSolution
		SolutionGuid = {781030FC-4EAA-423D-9778-3463E26484BE}
	EndGlobalSection
EndGlobal
